
Microsoft Visual Studio Solution File, Format Version 12.00
# Visual Studio Version 17
VisualStudioVersion = 17.3.32825.248
MinimumVisualStudioVersion = 10.0.40219.1
Project("{9A19103F-16F7-4668-BE54-9A1E7A4F7556}") = "BlazorApp1", "BlazorApp1\BlazorApp1.csproj", "{A192EBDC-5C3C-4A63-8151-1E4518A43E4B}"
EndProject
Global
	GlobalSection(SolutionConfigurationPlatforms) = preSolution
		Debug|Any CPU = Debug|Any CPU
		Release|Any CPU = Release|Any CPU
	EndGlobalSection
	GlobalSection(ProjectConfigurationPlatforms) = postSolution
		{A192EBDC-5C3C-4A63-8151-1E4518A43E4B}.Debug|Any CPU.ActiveCfg = Debug|Any CPU
		{A192EBDC-5C3C-4A63-8151-1E4518A43E4B}.Debug|Any CPU.Build.0 = Debug|Any CPU
		{A192EBDC-5C3C-4A63-8151-1E4518A43E4B}.Release|Any CPU.ActiveCfg = Release|Any CPU
		{A192EBDC-5C3C-4A63-8151-1E4518A43E4B}.Release|Any CPU.Build.0 = Release|Any CPU
	EndGlobalSection
	GlobalSection(SolutionProperties) = preSolution
		HideSolutionNode = FALSE
	EndGlobalSection
	GlobalSection(ExtensibilityGlobals) = postSolution
		SolutionGuid = {644F6C8F-ED5A-40F2-95ED-ED7EC6739911}
	EndGlobalSection
EndGlobal
